PODS:
  - AashuDubeyCapacitorStatusbarSafeArea (3.0.0):
    - Capacitor
  - Capacitor (6.1.0):
    - CapacitorCordova
  - CapacitorApp (6.0.0):
    - Capacitor
  - CapacitorClipboard (6.0.0):
    - Capacitor
  - CapacitorCommunityNativeAudio (6.0.0):
    - Capacitor
  - CapacitorCordova (6.1.0)
  - CapacitorFilesystem (6.0.0):
    - Capacitor
  - CapacitorHaptics (6.0.0):
    - Capacitor
  - CapacitorPreferences (6.0.1):
    - Capacitor
  - CapacitorScreenOrientation (6.0.1):
    - Capacitor

DEPENDENCIES:
  - "AashuDubeyCapacitorStatusbarSafeArea (from `../../../../node_modules/@aashu-dubey/capacitor-statusbar-safe-area`)"
  - "Capacitor (from `../../../../node_modules/@capacitor/ios`)"
  - "CapacitorApp (from `../../../../node_modules/@capacitor/app`)"
  - "CapacitorClipboard (from `../../../../node_modules/@capacitor/clipboard`)"
  - "CapacitorCommunityNativeAudio (from `../../../../node_modules/@capacitor-community/native-audio`)"
  - "CapacitorCordova (from `../../../../node_modules/@capacitor/ios`)"
  - "CapacitorFilesystem (from `../../../../node_modules/@capacitor/filesystem`)"
  - "CapacitorHaptics (from `../../../../node_modules/@capacitor/haptics`)"
  - "CapacitorPreferences (from `../../../../node_modules/@capacitor/preferences`)"
  - "CapacitorScreenOrientation (from `../../../../node_modules/@capacitor/screen-orientation`)"

EXTERNAL SOURCES:
  AashuDubeyCapacitorStatusbarSafeArea:
    :path: "../../../../node_modules/@aashu-dubey/capacitor-statusbar-safe-area"
  Capacitor:
    :path: "../../../../node_modules/@capacitor/ios"
  CapacitorApp:
    :path: "../../../../node_modules/@capacitor/app"
  CapacitorClipboard:
    :path: "../../../../node_modules/@capacitor/clipboard"
  CapacitorCommunityNativeAudio:
    :path: "../../../../node_modules/@capacitor-community/native-audio"
  CapacitorCordova:
    :path: "../../../../node_modules/@capacitor/ios"
  CapacitorFilesystem:
    :path: "../../../../node_modules/@capacitor/filesystem"
  CapacitorHaptics:
    :path: "../../../../node_modules/@capacitor/haptics"
  CapacitorPreferences:
    :path: "../../../../node_modules/@capacitor/preferences"
  CapacitorScreenOrientation:
    :path: "../../../../node_modules/@capacitor/screen-orientation"

SPEC CHECKSUMS:
  AashuDubeyCapacitorStatusbarSafeArea: b32e282503c277e7e6bd2b030feef16658476b5b
  Capacitor: 187bd7847b6f71467015a20200a1a071be3e5f14
  CapacitorApp: 9d53aec7101f7b030a950c5bdc4df8612576b279
  CapacitorClipboard: 80282f684154124b9019ebf401235b70b0cf4994
  CapacitorCommunityNativeAudio: 73a5eee63b9b5b5ff67e640da97ff38341f5606d
  CapacitorCordova: be703980ca797f847c3356f78fa175d21c8330c2
  CapacitorFilesystem: 60e59ba274c234a979e7a3be2552feaadcee4263
  CapacitorHaptics: 9ebc9363f0e9b8eb4295088a0b474530acf1859b
  CapacitorPreferences: 72909b165bc7807103778ddbb86d5d8ce06abf71
  CapacitorScreenOrientation: 3d4965dcbda5d901b6a48350a5d270ad7d404e05

PODFILE CHECKSUM: 92dac8d8708d2e0a4de4d9b4e5780a8cf04e0e6a

COCOAPODS: 1.15.2
